
Microsoft Visual Studio Solution File, Format Version 12.00
# Visual Studio Version 16
VisualStudioVersion = 16.0.29411.108
MinimumVisualStudioVersion = 10.0.40219.1
Project("{FAE04EC0-301F-11D3-BF4B-00C04F79EFBC}") = "RomanizationTest", "RomanizationTest\RomanizationTest.csproj", "{30B01E1B-7A5F-47C6-8773-369E01A4EF17}"
EndProject
Global
	GlobalSection(SolutionConfigurationPlatforms) = preSolution
		Debug|Any CPU = Debug|Any CPU
		Release|Any CPU = Release|Any CPU
	EndGlobalSection
	GlobalSection(ProjectConfigurationPlatforms) = postSolution
		{30B01E1B-7A5F-47C6-8773-369E01A4EF17}.Debug|Any CPU.ActiveCfg = Debug|Any CPU
		{30B01E1B-7A5F-47C6-8773-369E01A4EF17}.Debug|Any CPU.Build.0 = Debug|Any CPU
		{30B01E1B-7A5F-47C6-8773-369E01A4EF17}.Release|Any CPU.ActiveCfg = Release|Any CPU
		{30B01E1B-7A5F-47C6-8773-369E01A4EF17}.Release|Any CPU.Build.0 = Release|Any CPU
	EndGlobalSection
	GlobalSection(SolutionProperties) = preSolution
		HideSolutionNode = FALSE
	EndGlobalSection
	GlobalSection(ExtensibilityGlobals) = postSolution
		SolutionGuid = {6DB2908C-8C2B-484F-9D4F-C05913EDACB8}
	EndGlobalSection
EndGlobal
